
Microsoft Visual Studio Solution File, Format Version 12.00
# Visual Studio 15
Project("{FAE04EC0-301F-11D3-BF4B-00C04F79EFBC}") = "bitShift", "bitShift\bitShift.csproj", "{85C40C0D-F8E9-4B4C-8E11-54CC0816D750}"
EndProject
Project("{FAE04EC0-301F-11D3-BF4B-00C04F79EFBC}") = "bshm2", "bshm2\bshm2.csproj", "{09EBC85B-D6B5-4DBC-B350-469E5FB0D8AE}"
EndProject
Global
	GlobalSection(SolutionConfigurationPlatforms) = preSolution
		Debug|Any CPU = Debug|Any CPU
		Release|Any CPU = Release|Any CPU
	EndGlobalSection
	GlobalSection(ProjectConfigurationPlatforms) = postSolution
		{85C40C0D-F8E9-4B4C-8E11-54CC0816D750}.Debug|Any CPU.ActiveCfg = Debug|Any CPU
		{85C40C0D-F8E9-4B4C-8E11-54CC0816D750}.Debug|Any CPU.Build.0 = Debug|Any CPU
		{85C40C0D-F8E9-4B4C-8E11-54CC0816D750}.Release|Any CPU.ActiveCfg = Release|Any CPU
		{85C40C0D-F8E9-4B4C-8E11-54CC0816D750}.Release|Any CPU.Build.0 = Release|Any CPU
		{09EBC85B-D6B5-4DBC-B350-469E5FB0D8AE}.Debug|Any CPU.ActiveCfg = Debug|Any CPU
		{09EBC85B-D6B5-4DBC-B350-469E5FB0D8AE}.Debug|Any CPU.Build.0 = Debug|Any CPU
		{09EBC85B-D6B5-4DBC-B350-469E5FB0D8AE}.Release|Any CPU.ActiveCfg = Release|Any CPU
		{09EBC85B-D6B5-4DBC-B350-469E5FB0D8AE}.Release|Any CPU.Build.0 = Release|Any CPU
	EndGlobalSection
EndGlobal
