
Microsoft Visual Studio Solution File, Format Version 12.00
# Visual Studio 15
Project("{FAE04EC0-301F-11D3-BF4B-00C04F79EFBC}") = "MergingandSquashing", "MergingandSquashing.csproj", "{39550310-DEDD-45B4-9F65-F90F481AD90E}"
EndProject
Global
	GlobalSection(SolutionConfigurationPlatforms) = preSolution
		Debug|Any CPU = Debug|Any CPU
		Release|Any CPU = Release|Any CPU
	EndGlobalSection
	GlobalSection(ProjectConfigurationPlatforms) = postSolution
		{39550310-DEDD-45B4-9F65-F90F481AD90E}.Debug|Any CPU.ActiveCfg = Debug|Any CPU
		{39550310-DEDD-45B4-9F65-F90F481AD90E}.Debug|Any CPU.Build.0 = Debug|Any CPU
		{39550310-DEDD-45B4-9F65-F90F481AD90E}.Release|Any CPU.ActiveCfg = Release|Any CPU
		{39550310-DEDD-45B4-9F65-F90F481AD90E}.Release|Any CPU.Build.0 = Release|Any CPU
	EndGlobalSection
EndGlobal
