
Microsoft Visual Studio Solution File, Format Version 12.00
# Visual Studio 15
Project("{FAE04EC0-301F-11D3-BF4B-00C04F79EFBC}") = "MatrixofNumbers", "more\MatrixofNumbers.csproj", "{8FCE4CAA-C375-44DC-8ADA-3B6045F73574}"
EndProject
Project("{FAE04EC0-301F-11D3-BF4B-00C04F79EFBC}") = "SpiralMatrix", "SpiralMatrix\SpiralMatrix.csproj", "{D40746C3-38D4-498A-8B4B-BD53B3678D54}"
EndProject
Project("{FAE04EC0-301F-11D3-BF4B-00C04F79EFBC}") = "vowel", "vowel\vowel.csproj", "{B744BA6A-2630-4BB8-8340-B959AE4F58DC}"
EndProject
Project("{FAE04EC0-301F-11D3-BF4B-00C04F79EFBC}") = "Arrangement", "Arrangement\Arrangement.csproj", "{453C3C81-E833-4F99-BC85-937F0DC1DAD1}"
EndProject
Project("{FAE04EC0-301F-11D3-BF4B-00C04F79EFBC}") = "BusExcursion", "BusExcursion\BusExcursion.csproj", "{3D44475E-5EE8-4C92-8113-DD2EBA5EC6CC}"
EndProject
Project("{FAE04EC0-301F-11D3-BF4B-00C04F79EFBC}") = "Pen", "Pen\Pen.csproj", "{E1DB329A-2FCA-4046-BB42-1A64E8A94A6F}"
EndProject
Project("{FAE04EC0-301F-11D3-BF4B-00C04F79EFBC}") = "windows", "windows\windows.csproj", "{3F870098-6288-40EE-87F1-0B7FA024FF15}"
EndProject
Project("{FAE04EC0-301F-11D3-BF4B-00C04F79EFBC}") = "sms", "sms\sms.csproj", "{1E632451-C69E-4594-93A6-479104BDCB21}"
EndProject
Project("{FAE04EC0-301F-11D3-BF4B-00C04F79EFBC}") = "paperCutter", "paperCutter\paperCutter.csproj", "{1227B517-74FE-4FCF-AAA6-684E82E44D9D}"
EndProject
Project("{FAE04EC0-301F-11D3-BF4B-00C04F79EFBC}") = "Kaspichan", "Kaspichan\Kaspichan.csproj", "{A4B69BE3-6E27-4BD4-8809-6E8DD63C45B0}"
EndProject
Project("{FAE04EC0-301F-11D3-BF4B-00C04F79EFBC}") = "mutating", "mutating\mutating.csproj", "{1CA2A6DA-2CB8-4413-B450-D175C084335F}"
EndProject
Project("{FAE04EC0-301F-11D3-BF4B-00C04F79EFBC}") = "LongSequence", "LongSequence\LongSequence.csproj", "{D77C41A5-D5C9-416A-9187-67DE3512B6EA}"
EndProject
Project("{FAE04EC0-301F-11D3-BF4B-00C04F79EFBC}") = "Pyramids", "Pyramids\Pyramids.csproj", "{DA19C5F5-16F8-4BD4-BCD9-71515EEC15AE}"
EndProject
Project("{FAE04EC0-301F-11D3-BF4B-00C04F79EFBC}") = "SignalFromSpace", "SignalFromSpace\SignalFromSpace.csproj", "{1208D1B2-FCD6-4A6C-B2DE-E82920BCC3DD}"
EndProject
Project("{FAE04EC0-301F-11D3-BF4B-00C04F79EFBC}") = "THREEGR", "THREEGR\THREEGR.csproj", "{C14D1B66-EDDC-4BB2-A6BA-E793DEF5B6E8}"
EndProject
Project("{FAE04EC0-301F-11D3-BF4B-00C04F79EFBC}") = "SpellCaster", "SpellCaster\SpellCaster.csproj", "{F70CDC8F-04DE-46E6-B2A9-1920EA470DFF}"
EndProject
Project("{FAE04EC0-301F-11D3-BF4B-00C04F79EFBC}") = "demo", "demo\demo.csproj", "{B02083FA-A171-4EB1-B4A0-27B9DFFD97EC}"
EndProject
Project("{FAE04EC0-301F-11D3-BF4B-00C04F79EFBC}") = "DigitsD", "DigitsD\DigitsD.csproj", "{DBCAE187-D4FB-4CD7-916D-C96F07212C4A}"
EndProject
Global
	GlobalSection(SolutionConfigurationPlatforms) = preSolution
		Debug|Any CPU = Debug|Any CPU
		Release|Any CPU = Release|Any CPU
	EndGlobalSection
	GlobalSection(ProjectConfigurationPlatforms) = postSolution
		{8FCE4CAA-C375-44DC-8ADA-3B6045F73574}.Debug|Any CPU.ActiveCfg = Debug|Any CPU
		{8FCE4CAA-C375-44DC-8ADA-3B6045F73574}.Debug|Any CPU.Build.0 = Debug|Any CPU
		{8FCE4CAA-C375-44DC-8ADA-3B6045F73574}.Release|Any CPU.ActiveCfg = Release|Any CPU
		{8FCE4CAA-C375-44DC-8ADA-3B6045F73574}.Release|Any CPU.Build.0 = Release|Any CPU
		{D40746C3-38D4-498A-8B4B-BD53B3678D54}.Debug|Any CPU.ActiveCfg = Debug|Any CPU
		{D40746C3-38D4-498A-8B4B-BD53B3678D54}.Debug|Any CPU.Build.0 = Debug|Any CPU
		{D40746C3-38D4-498A-8B4B-BD53B3678D54}.Release|Any CPU.ActiveCfg = Release|Any CPU
		{D40746C3-38D4-498A-8B4B-BD53B3678D54}.Release|Any CPU.Build.0 = Release|Any CPU
		{B744BA6A-2630-4BB8-8340-B959AE4F58DC}.Debug|Any CPU.ActiveCfg = Debug|Any CPU
		{B744BA6A-2630-4BB8-8340-B959AE4F58DC}.Debug|Any CPU.Build.0 = Debug|Any CPU
		{B744BA6A-2630-4BB8-8340-B959AE4F58DC}.Release|Any CPU.ActiveCfg = Release|Any CPU
		{B744BA6A-2630-4BB8-8340-B959AE4F58DC}.Release|Any CPU.Build.0 = Release|Any CPU
		{453C3C81-E833-4F99-BC85-937F0DC1DAD1}.Debug|Any CPU.ActiveCfg = Debug|Any CPU
		{453C3C81-E833-4F99-BC85-937F0DC1DAD1}.Debug|Any CPU.Build.0 = Debug|Any CPU
		{453C3C81-E833-4F99-BC85-937F0DC1DAD1}.Release|Any CPU.ActiveCfg = Release|Any CPU
		{453C3C81-E833-4F99-BC85-937F0DC1DAD1}.Release|Any CPU.Build.0 = Release|Any CPU
		{3D44475E-5EE8-4C92-8113-DD2EBA5EC6CC}.Debug|Any CPU.ActiveCfg = Debug|Any CPU
		{3D44475E-5EE8-4C92-8113-DD2EBA5EC6CC}.Debug|Any CPU.Build.0 = Debug|Any CPU
		{3D44475E-5EE8-4C92-8113-DD2EBA5EC6CC}.Release|Any CPU.ActiveCfg = Release|Any CPU
		{3D44475E-5EE8-4C92-8113-DD2EBA5EC6CC}.Release|Any CPU.Build.0 = Release|Any CPU
		{E1DB329A-2FCA-4046-BB42-1A64E8A94A6F}.Debug|Any CPU.ActiveCfg = Debug|Any CPU
		{E1DB329A-2FCA-4046-BB42-1A64E8A94A6F}.Debug|Any CPU.Build.0 = Debug|Any CPU
		{E1DB329A-2FCA-4046-BB42-1A64E8A94A6F}.Release|Any CPU.ActiveCfg = Release|Any CPU
		{E1DB329A-2FCA-4046-BB42-1A64E8A94A6F}.Release|Any CPU.Build.0 = Release|Any CPU
		{3F870098-6288-40EE-87F1-0B7FA024FF15}.Debug|Any CPU.ActiveCfg = Debug|Any CPU
		{3F870098-6288-40EE-87F1-0B7FA024FF15}.Debug|Any CPU.Build.0 = Debug|Any CPU
		{3F870098-6288-40EE-87F1-0B7FA024FF15}.Release|Any CPU.ActiveCfg = Release|Any CPU
		{3F870098-6288-40EE-87F1-0B7FA024FF15}.Release|Any CPU.Build.0 = Release|Any CPU
		{1E632451-C69E-4594-93A6-479104BDCB21}.Debug|Any CPU.ActiveCfg = Debug|Any CPU
		{1E632451-C69E-4594-93A6-479104BDCB21}.Debug|Any CPU.Build.0 = Debug|Any CPU
		{1E632451-C69E-4594-93A6-479104BDCB21}.Release|Any CPU.ActiveCfg = Release|Any CPU
		{1E632451-C69E-4594-93A6-479104BDCB21}.Release|Any CPU.Build.0 = Release|Any CPU
		{1227B517-74FE-4FCF-AAA6-684E82E44D9D}.Debug|Any CPU.ActiveCfg = Debug|Any CPU
		{1227B517-74FE-4FCF-AAA6-684E82E44D9D}.Debug|Any CPU.Build.0 = Debug|Any CPU
		{1227B517-74FE-4FCF-AAA6-684E82E44D9D}.Release|Any CPU.ActiveCfg = Release|Any CPU
		{1227B517-74FE-4FCF-AAA6-684E82E44D9D}.Release|Any CPU.Build.0 = Release|Any CPU
		{A4B69BE3-6E27-4BD4-8809-6E8DD63C45B0}.Debug|Any CPU.ActiveCfg = Debug|Any CPU
		{A4B69BE3-6E27-4BD4-8809-6E8DD63C45B0}.Debug|Any CPU.Build.0 = Debug|Any CPU
		{A4B69BE3-6E27-4BD4-8809-6E8DD63C45B0}.Release|Any CPU.ActiveCfg = Release|Any CPU
		{A4B69BE3-6E27-4BD4-8809-6E8DD63C45B0}.Release|Any CPU.Build.0 = Release|Any CPU
		{1CA2A6DA-2CB8-4413-B450-D175C084335F}.Debug|Any CPU.ActiveCfg = Debug|Any CPU
		{1CA2A6DA-2CB8-4413-B450-D175C084335F}.Debug|Any CPU.Build.0 = Debug|Any CPU
		{1CA2A6DA-2CB8-4413-B450-D175C084335F}.Release|Any CPU.ActiveCfg = Release|Any CPU
		{1CA2A6DA-2CB8-4413-B450-D175C084335F}.Release|Any CPU.Build.0 = Release|Any CPU
		{D77C41A5-D5C9-416A-9187-67DE3512B6EA}.Debug|Any CPU.ActiveCfg = Debug|Any CPU
		{D77C41A5-D5C9-416A-9187-67DE3512B6EA}.Debug|Any CPU.Build.0 = Debug|Any CPU
		{D77C41A5-D5C9-416A-9187-67DE3512B6EA}.Release|Any CPU.ActiveCfg = Release|Any CPU
		{D77C41A5-D5C9-416A-9187-67DE3512B6EA}.Release|Any CPU.Build.0 = Release|Any CPU
		{DA19C5F5-16F8-4BD4-BCD9-71515EEC15AE}.Debug|Any CPU.ActiveCfg = Debug|Any CPU
		{DA19C5F5-16F8-4BD4-BCD9-71515EEC15AE}.Debug|Any CPU.Build.0 = Debug|Any CPU
		{DA19C5F5-16F8-4BD4-BCD9-71515EEC15AE}.Release|Any CPU.ActiveCfg = Release|Any CPU
		{DA19C5F5-16F8-4BD4-BCD9-71515EEC15AE}.Release|Any CPU.Build.0 = Release|Any CPU
		{1208D1B2-FCD6-4A6C-B2DE-E82920BCC3DD}.Debug|Any CPU.ActiveCfg = Debug|Any CPU
		{1208D1B2-FCD6-4A6C-B2DE-E82920BCC3DD}.Debug|Any CPU.Build.0 = Debug|Any CPU
		{1208D1B2-FCD6-4A6C-B2DE-E82920BCC3DD}.Release|Any CPU.ActiveCfg = Release|Any CPU
		{1208D1B2-FCD6-4A6C-B2DE-E82920BCC3DD}.Release|Any CPU.Build.0 = Release|Any CPU
		{C14D1B66-EDDC-4BB2-A6BA-E793DEF5B6E8}.Debug|Any CPU.ActiveCfg = Debug|Any CPU
		{C14D1B66-EDDC-4BB2-A6BA-E793DEF5B6E8}.Debug|Any CPU.Build.0 = Debug|Any CPU
		{C14D1B66-EDDC-4BB2-A6BA-E793DEF5B6E8}.Release|Any CPU.ActiveCfg = Release|Any CPU
		{C14D1B66-EDDC-4BB2-A6BA-E793DEF5B6E8}.Release|Any CPU.Build.0 = Release|Any CPU
		{F70CDC8F-04DE-46E6-B2A9-1920EA470DFF}.Debug|Any CPU.ActiveCfg = Debug|Any CPU
		{F70CDC8F-04DE-46E6-B2A9-1920EA470DFF}.Debug|Any CPU.Build.0 = Debug|Any CPU
		{F70CDC8F-04DE-46E6-B2A9-1920EA470DFF}.Release|Any CPU.ActiveCfg = Release|Any CPU
		{F70CDC8F-04DE-46E6-B2A9-1920EA470DFF}.Release|Any CPU.Build.0 = Release|Any CPU
		{B02083FA-A171-4EB1-B4A0-27B9DFFD97EC}.Debug|Any CPU.ActiveCfg = Debug|Any CPU
		{B02083FA-A171-4EB1-B4A0-27B9DFFD97EC}.Debug|Any CPU.Build.0 = Debug|Any CPU
		{B02083FA-A171-4EB1-B4A0-27B9DFFD97EC}.Release|Any CPU.ActiveCfg = Release|Any CPU
		{B02083FA-A171-4EB1-B4A0-27B9DFFD97EC}.Release|Any CPU.Build.0 = Release|Any CPU
		{DBCAE187-D4FB-4CD7-916D-C96F07212C4A}.Debug|Any CPU.ActiveCfg = Debug|Any CPU
		{DBCAE187-D4FB-4CD7-916D-C96F07212C4A}.Debug|Any CPU.Build.0 = Debug|Any CPU
		{DBCAE187-D4FB-4CD7-916D-C96F07212C4A}.Release|Any CPU.ActiveCfg = Release|Any CPU
		{DBCAE187-D4FB-4CD7-916D-C96F07212C4A}.Release|Any CPU.Build.0 = Release|Any CPU
	EndGlobalSection
EndGlobal
